
Microsoft Visual Studio Solution File, Format Version 12.00
# Visual Studio 15
VisualStudioVersion = 15.0.28307.1169
MinimumVisualStudioVersion = 10.0.40219.1
Project("{FAE04EC0-301F-11D3-BF4B-00C04F79EFBC}") = "ROS2-web-test", "ROS2-web-test.csproj", "{F55E0378-7891-4CD7-8EFD-629F85D5ECB3}"
EndProject
Global
	GlobalSection(SolutionConfigurationPlatforms) = preSolution
		Debug|Any CPU = Debug|Any CPU
		Release|Any CPU = Release|Any CPU
	EndGlobalSection
	GlobalSection(ProjectConfigurationPlatforms) = postSolution
		{F55E0378-7891-4CD7-8EFD-629F85D5ECB3}.Debug|Any CPU.ActiveCfg = Debug|Any CPU
		{F55E0378-7891-4CD7-8EFD-629F85D5ECB3}.Debug|Any CPU.Build.0 = Debug|Any CPU
		{F55E0378-7891-4CD7-8EFD-629F85D5ECB3}.Release|Any CPU.ActiveCfg = Release|Any CPU
		{F55E0378-7891-4CD7-8EFD-629F85D5ECB3}.Release|Any CPU.Build.0 = Release|Any CPU
	EndGlobalSection
	GlobalSection(SolutionProperties) = preSolution
		HideSolutionNode = FALSE
	EndGlobalSection
	GlobalSection(ExtensibilityGlobals) = postSolution
		SolutionGuid = {2CDB401F-142B-43C2-9495-A4C1F1FE0519}
	EndGlobalSection
EndGlobal
